{
  "name": "hzu-wechat-mini-program",
  "lockfileVersion": 3,
  "requires": true,
  "packages": {
    "": {
      "dependencies": {
        "@miniprogram-component-plus/tabs": "^1.0.0",
        "wux-weapp": "^3.10.0"
      }
    },
    "node_modules/@miniprogram-component-plus/tabs": {
      "version": "1.0.0",
      "resolved": "https://registry.npmjs.org/@miniprogram-component-plus/tabs/-/tabs-1.0.0.tgz",
      "integrity": "sha512-oV9dFpIoYAz0IbDECS9toS1GHivWoAd1cchxeZKCBV3PoPCEipHOeXQS3K2USr7EY8LDyfg3f0tDAacPfagYjg=="
    },
    "node_modules/wux-weapp": {
      "version": "3.10.0",
      "resolved": "https://registry.npmjs.org/wux-weapp/-/wux-weapp-3.10.0.tgz",
      "integrity": "sha512-TrHrg6xDMdxO9HjVxD9wInO+1Xzw/wB43v6YDtQ8aHtmKTE2aMOXMkcnhQudjz642Ii5uBy2w5H/5Zr0IA9sWQ=="
    }
  }
}
